
Microsoft Visual Studio Solution File, Format Version 12.00
# Visual Studio 15
VisualStudioVersion = 15.0.26403.7
MinimumVisualStudioVersion = 10.0.40219.1
Project("{FAE04EC0-301F-11D3-BF4B-00C04F79EFBC}") = "DiscordWebhook", "DiscordWebhook.csproj", "{A117275B-9794-474F-A762-E5048909DA6A}"
EndProject
Global
	GlobalSection(SolutionConfigurationPlatforms) = preSolution
		Debug|Any CPU = Debug|Any CPU
		Release|Any CPU = Release|Any CPU
	EndGlobalSection
	GlobalSection(ProjectConfigurationPlatforms) = postSolution
		{A117275B-9794-474F-A762-E5048909DA6A}.Debug|Any CPU.ActiveCfg = Debug|Any CPU
		{A117275B-9794-474F-A762-E5048909DA6A}.Debug|Any CPU.Build.0 = Debug|Any CPU
		{A117275B-9794-474F-A762-E5048909DA6A}.Release|Any CPU.ActiveCfg = Release|Any CPU
		{A117275B-9794-474F-A762-E5048909DA6A}.Release|Any CPU.Build.0 = Release|Any CPU
	EndGlobalSection
	GlobalSection(SolutionProperties) = preSolution
		HideSolutionNode = FALSE
	EndGlobalSection
EndGlobal
